
Microsoft Visual Studio Solution File, Format Version 12.00
# Visual Studio Version 17
VisualStudioVersion = 17.3.32819.101
MinimumVisualStudioVersion = 10.0.40219.1
Project("{FAE04EC0-301F-11D3-BF4B-00C04F79EFBC}") = "WorkerService1", "WorkerService1\WorkerService1.csproj", "{609A6323-35E9-4222-A3DF-3B0A4B54F77F}"
EndProject
Global
	GlobalSection(SolutionConfigurationPlatforms) = preSolution
		Debug|Any CPU = Debug|Any CPU
		Release|Any CPU = Release|Any CPU
	EndGlobalSection
	GlobalSection(ProjectConfigurationPlatforms) = postSolution
		{609A6323-35E9-4222-A3DF-3B0A4B54F77F}.Debug|Any CPU.ActiveCfg = Debug|Any CPU
		{609A6323-35E9-4222-A3DF-3B0A4B54F77F}.Debug|Any CPU.Build.0 = Debug|Any CPU
		{609A6323-35E9-4222-A3DF-3B0A4B54F77F}.Release|Any CPU.ActiveCfg = Release|Any CPU
		{609A6323-35E9-4222-A3DF-3B0A4B54F77F}.Release|Any CPU.Build.0 = Release|Any CPU
	EndGlobalSection
	GlobalSection(SolutionProperties) = preSolution
		HideSolutionNode = FALSE
	EndGlobalSection
	GlobalSection(ExtensibilityGlobals) = postSolution
		SolutionGuid = {7A7A9BEE-7C28-454B-8B05-80179851D941}
	EndGlobalSection
EndGlobal
